
Microsoft Visual Studio Solution File, Format Version 12.00
# Visual Studio Version 16
VisualStudioVersion = 16.0.30225.117
MinimumVisualStudioVersion = 10.0.40219.1
Project("{FAE04EC0-301F-11D3-BF4B-00C04F79EFBC}") = "Project", "Project.csproj", "{6F113060-08A5-4B80-8994-23FC31D4EDC5}"
EndProject
Global
	GlobalSection(SolutionConfigurationPlatforms) = preSolution
		Debug|Any CPU = Debug|Any CPU
		Release|Any CPU = Release|Any CPU
	EndGlobalSection
	GlobalSection(ProjectConfigurationPlatforms) = postSolution
		{6F113060-08A5-4B80-8994-23FC31D4EDC5}.Debug|Any CPU.ActiveCfg = Debug|Any CPU
		{6F113060-08A5-4B80-8994-23FC31D4EDC5}.Debug|Any CPU.Build.0 = Debug|Any CPU
		{6F113060-08A5-4B80-8994-23FC31D4EDC5}.Release|Any CPU.ActiveCfg = Release|Any CPU
		{6F113060-08A5-4B80-8994-23FC31D4EDC5}.Release|Any CPU.Build.0 = Release|Any CPU
	EndGlobalSection
	GlobalSection(SolutionProperties) = preSolution
		HideSolutionNode = FALSE
	EndGlobalSection
	GlobalSection(ExtensibilityGlobals) = postSolution
		SolutionGuid = {FF16AC56-7B80-44AC-8D79-F3866692C781}
	EndGlobalSection
EndGlobal
